// !$*UTF8*$!
{
	archiveVersion = 1;
	classes = {
	};
	objectVersion = 50;
	objects = {

/* Begin PBXBuildFile section */
		06785C5123D581BC002FFCBF /* AlbumDetailViewController.swift in Sources */ = {isa = PBXBuildFile; fileRef = 06785C5023D581BC002FFCBF /* AlbumDetailViewController.swift */; };
		06785C5323D582D5002FFCBF /* AlbumImageCollectionViewCell.swift in Sources */ = {isa = PBXBuildFile; fileRef = 06785C5223D582D5002FFCBF /* AlbumImageCollectionViewCell.swift */; };
		06D65CB723D6CC7C00A3939A /* Album.swift in Sources */ = {isa = PBXBuildFile; fileRef = 06D65CB623D6CC7C00A3939A /* Album.swift */; };
		06D65CB923D6CE2000A3939A /* Albums.swift in Sources */ = {isa = PBXBuildFile; fileRef = 06D65CB823D6CE2000A3939A /* Albums.swift */; };
		2BFA533A2358385B00F5E87E /* AppDelegate.swift in Sources */ = {isa = PBXBuildFile; fileRef = 2BFA53392358385B00F5E87E /* AppDelegate.swift */; };
		2BFA533C2358385B00F5E87E /* ViewController.swift in Sources */ = {isa = PBXBuildFile; fileRef = 2BFA533B2358385B00F5E87E /* ViewController.swift */; };
		2BFA533F2358385B00F5E87E /* Main.storyboard in Resources */ = {isa = PBXBuildFile; fileRef = 2BFA533D2358385B00F5E87E /* Main.storyboard */; };
		2BFA53412358386700F5E87E /* Assets.xcassets in Resources */ = {isa = PBXBuildFile; fileRef = 2BFA53402358386700F5E87E /* Assets.xcassets */; };
		2BFA53442358386700F5E87E /* LaunchScreen.storyboard in Resources */ = {isa = PBXBuildFile; fileRef = 2BFA53422358386700F5E87E /* LaunchScreen.storyboard */; };
		2BFA534C23583E8200F5E87E /* AlbumCollectionViewCell.swift in Sources */ = {isa = PBXBuildFile; fileRef = 2BFA534B23583E8200F5E87E /* AlbumCollectionViewCell.swift */; };
		2BFA534E23584FCF00F5E87E /* PhotosCollectionViewCell.swift in Sources */ = {isa = PBXBuildFile; fileRef = 2BFA534D23584FCF00F5E87E /* PhotosCollectionViewCell.swift */; };
/* End PBXBuildFile section */

/* Begin PBXFileReference section */
		06785C5023D581BC002FFCBF /* AlbumDetailViewController.swift */ = {isa = PBXFileReference; lastKnownFileType = sourcecode.swift; path = AlbumDetailViewController.swift; sourceTree = "<group>"; };
		06785C5223D582D5002FFCBF /* AlbumImageCollectionViewCell.swift */ = {isa = PBXFileReference; lastKnownFileType = sourcecode.swift; path = AlbumImageCollectionViewCell.swift; sourceTree = "<group>"; };
		06D65CB623D6CC7C00A3939A /* Album.swift */ = {isa = PBXFileReference; lastKnownFileType = sourcecode.swift; path = Album.swift; sourceTree = "<group>"; };
		06D65CB823D6CE2000A3939A /* Albums.swift */ = {isa = PBXFileReference; lastKnownFileType = sourcecode.swift; path = Albums.swift; sourceTree = "<group>"; };
		2BFA53362358385B00F5E87E /* collectionView.app */ = {isa = PBXFileReference; explicitFileType = wrapper.application; includeInIndex = 0; path = collectionView.app; sourceTree = BUILT_PRODUCTS_DIR; };
		2BFA53392358385B00F5E87E /* AppDelegate.swift */ = {isa = PBXFileReference; lastKnownFileType = sourcecode.swift; path = AppDelegate.swift; sourceTree = "<group>"; };
		2BFA533B2358385B00F5E87E /* ViewController.swift */ = {isa = PBXFileReference; lastKnownFileType = sourcecode.swift; path = ViewController.swift; sourceTree = "<group>"; };
		2BFA533E2358385B00F5E87E /* Base */ = {isa = PBXFileReference; lastKnownFileType = file.storyboard; name = Base; path = Base.lproj/Main.storyboard; sourceTree = "<group>"; };
		2BFA53402358386700F5E87E /* Assets.xcassets */ = {isa = PBXFileReference; lastKnownFileType = folder.assetcatalog; path = Assets.xcassets; sourceTree = "<group>"; };
		2BFA53432358386700F5E87E /* Base */ = {isa = PBXFileReference; lastKnownFileType = file.storyboard; name = Base; path = Base.lproj/LaunchScreen.storyboard; sourceTree = "<group>"; };
		2BFA53452358386700F5E87E /* Info.plist */ = {isa = PBXFileReference; lastKnownFileType = text.plist.xml; path = Info.plist; sourceTree = "<group>"; };
		2BFA534B23583E8200F5E87E /* AlbumCollectionViewCell.swift */ = {isa = PBXFileReference; lastKnownFileType = sourcecode.swift; path = AlbumCollectionViewCell.swift; sourceTree = "<group>"; };
		2BFA534D23584FCF00F5E87E /* PhotosCollectionViewCell.swift */ = {isa = PBXFileReference; lastKnownFileType = sourcecode.swift; path = PhotosCollectionViewCell.swift; sourceTree = "<group>"; };
/* End PBXFileReference section */

/* Begin PBXFrameworksBuildPhase section */
		2BFA53332358385B00F5E87E /* Frameworks */ = {
			isa = PBXFrameworksBuildPhase;
			buildActionMask = 2147483647;
			files = (
			);
			runOnlyForDeploymentPostprocessing = 0;
		};
/* End PBXFrameworksBuildPhase section */

/* Begin PBXGroup section */
		06785C5423D58E9E002FFCBF /* Model */ = {
			isa = PBXGroup;
			children = (
				06D65CB623D6CC7C00A3939A /* Album.swift */,
				06D65CB823D6CE2000A3939A /* Albums.swift */,
			);
			path = Model;
			sourceTree = "<group>";
		};
		06785C5523D58EA6002FFCBF /* View */ = {
			isa = PBXGroup;
			children = (
				2BFA534D23584FCF00F5E87E /* PhotosCollectionViewCell.swift */,
				2BFA534B23583E8200F5E87E /* AlbumCollectionViewCell.swift */,
				06785C5223D582D5002FFCBF /* AlbumImageCollectionViewCell.swift */,
				2BFA533D2358385B00F5E87E /* Main.storyboard */,
			);
			path = View;
			sourceTree = "<group>";
		};
		06785C5623D58EAD002FFCBF /* Controller */ = {
			isa = PBXGroup;
			children = (
				2BFA53392358385B00F5E87E /* AppDelegate.swift */,
				06785C5023D581BC002FFCBF /* AlbumDetailViewController.swift */,
				2BFA533B2358385B00F5E87E /* ViewController.swift */,
			);
			path = Controller;
			sourceTree = "<group>";
		};
		06785C5723D58F05002FFCBF /* Resources */ = {
			isa = PBXGroup;
			children = (
				2BFA53402358386700F5E87E /* Assets.xcassets */,
			);
			path = Resources;
			sourceTree = "<group>";
		};
		2BFA532D2358385B00F5E87E = {
			isa = PBXGroup;
			children = (
				2BFA53382358385B00F5E87E /* collectionView */,
				2BFA53372358385B00F5E87E /* Products */,
			);
			sourceTree = "<group>";
		};
		2BFA53372358385B00F5E87E /* Products */ = {
			isa = PBXGroup;
			children = (
				2BFA53362358385B00F5E87E /* collectionView.app */,
			);
			name = Products;
			sourceTree = "<group>";
		};
		2BFA53382358385B00F5E87E /* collectionView */ = {
			isa = PBXGroup;
			children = (
				2BFA53452358386700F5E87E /* Info.plist */,
				2BFA53422358386700F5E87E /* LaunchScreen.storyboard */,
				06785C5423D58E9E002FFCBF /* Model */,
				06785C5523D58EA6002FFCBF /* View */,
				06785C5623D58EAD002FFCBF /* Controller */,
				06785C5723D58F05002FFCBF /* Resources */,
			);
			path = collectionView;
			sourceTree = "<group>";
		};
/* End PBXGroup section */

/* Begin PBXNativeTarget section */
		2BFA53352358385B00F5E87E /* collectionView */ = {
			isa = PBXNativeTarget;
			buildConfigurationList = 2BFA53482358386700F5E87E /* Build configuration list for PBXNativeTarget "collectionView" */;
			buildPhases = (
				2BFA53322358385B00F5E87E /* Sources */,
				2BFA53332358385B00F5E87E /* Frameworks */,
				2BFA53342358385B00F5E87E /* Resources */,
			);
			buildRules = (
			);
			dependencies = (
			);
			name = collectionView;
			productName = collectionView;
			productReference = 2BFA53362358385B00F5E87E /* collectionView.app */;
			productType = "com.apple.product-type.application";
		};
/* End PBXNativeTarget section */

/* Begin PBXProject section */
		2BFA532E2358385B00F5E87E /* Project object */ = {
			isa = PBXProject;
			attributes = {
				LastSwiftUpdateCheck = 1010;
				LastUpgradeCheck = 1010;
				ORGANIZATIONNAME = "Md Munif Hasan";
				TargetAttributes = {
					2BFA53352358385B00F5E87E = {
						CreatedOnToolsVersion = 10.1;
					};
				};
			};
			buildConfigurationList = 2BFA53312358385B00F5E87E /* Build configuration list for PBXProject "collectionView" */;
			compatibilityVersion = "Xcode 9.3";
			developmentRegion = en;
			hasScannedForEncodings = 0;
			knownRegions = (
				en,
				Base,
			);
			mainGroup = 2BFA532D2358385B00F5E87E;
			productRefGroup = 2BFA53372358385B00F5E87E /* Products */;
			projectDirPath = "";
			projectRoot = "";
			targets = (
				2BFA53352358385B00F5E87E /* collectionView */,
			);
		};
/* End PBXProject section */

/* Begin PBXResourcesBuildPhase section */
		2BFA53342358385B00F5E87E /* Resources */ = {
			isa = PBXResourcesBuildPhase;
			buildActionMask = 2147483647;
			files = (
				2BFA53442358386700F5E87E /* LaunchScreen.storyboard in Resources */,
				2BFA53412358386700F5E87E /* Assets.xcassets in Resources */,
				2BFA533F2358385B00F5E87E /* Main.storyboard in Resources */,
			);
			runOnlyForDeploymentPostprocessing = 0;
		};
/* End PBXResourcesBuildPhase section */

/* Begin PBXSourcesBuildPhase section */
		2BFA53322358385B00F5E87E /* Sources */ = {
			isa = PBXSourcesBuildPhase;
			buildActionMask = 2147483647;
			files = (
				2BFA534E23584FCF00F5E87E /* PhotosCollectionViewCell.swift in Sources */,
				2BFA533C2358385B00F5E87E /* ViewController.swift in Sources */,
				06785C5123D581BC002FFCBF /* AlbumDetailViewController.swift in Sources */,
				2BFA533A2358385B00F5E87E /* AppDelegate.swift in Sources */,
				06785C5323D582D5002FFCBF /* AlbumImageCollectionViewCell.swift in Sources */,
				06D65CB723D6CC7C00A3939A /* Album.swift in Sources */,
				2BFA534C23583E8200F5E87E /* AlbumCollectionViewCell.swift in Sources */,
				06D65CB923D6CE2000A3939A /* Albums.swift in Sources */,
			);
			runOnlyForDeploymentPostprocessing = 0;
		};
/* End PBXSourcesBuildPhase section */

/* Begin PBXVariantGroup section */
		2BFA533D2358385B00F5E87E /* Main.storyboard */ = {
			isa = PBXVariantGroup;
			children = (
				2BFA533E2358385B00F5E87E /* Base */,
			);
			name = Main.storyboard;
			sourceTree = "<group>";
		};
		2BFA53422358386700F5E87E /* LaunchScreen.storyboard */ = {
			isa = PBXVariantGroup;
			children = (
				2BFA53432358386700F5E87E /* Base */,
			);
			name = LaunchScreen.storyboard;
			sourceTree = "<group>";
		};
/* End PBXVariantGroup section */

/* Begin XCBuildConfiguration section */
		2BFA53462358386700F5E87E /* Debug */ = {
			isa = XCBuildConfiguration;
			buildSettings = {
				ALWAYS_SEARCH_USER_PATHS = NO;
				CLANG_ANALYZER_NONNULL = YES;
				CLANG_ANALYZER_NUMBER_OBJECT_CONVERSION = YES_AGGRESSIVE;
				CLANG_CXX_LANGUAGE_STANDARD = "gnu++14";
				CLANG_CXX_LIBRARY = "libc++";
				CLANG_ENABLE_MODULES = YES;
				CLANG_ENABLE_OBJC_ARC = YES;
				CLANG_ENABLE_OBJC_WEAK = YES;
				CLANG_WARN_BLOCK_CAPTURE_AUTORELEASING = YES;
				CLANG_WARN_BOOL_CONVERSION = YES;
				CLANG_WARN_COMMA = YES;
				CLANG_WARN_CONSTANT_CONVERSION = YES;
				CLANG_WARN_DEPRECATED_OBJC_IMPLEMENTATIONS = YES;
				CLANG_WARN_DIRECT_OBJC_ISA_USAGE = YES_ERROR;
				CLANG_WARN_DOCUMENTATION_COMMENTS = YES;
				CLANG_WARN_EMPTY_BODY = YES;
				CLANG_WARN_ENUM_CONVERSION = YES;
				CLANG_WARN_INFINITE_RECURSION = YES;
				CLANG_WARN_INT_CONVERSION = YES;
				CLANG_WARN_NON_LITERAL_NULL_CONVERSION = YES;
				CLANG_WARN_OBJC_IMPLICIT_RETAIN_SELF = YES;
				CLANG_WARN_OBJC_LITERAL_CONVERSION = YES;
				CLANG_WARN_OBJC_ROOT_CLASS = YES_ERROR;
				CLANG_WARN_RANGE_LOOP_ANALYSIS = YES;
				CLANG_WARN_STRICT_PROTOTYPES = YES;
				CLANG_WARN_SUSPICIOUS_MOVE = YES;
				CLANG_WARN_UNGUARDED_AVAILABILITY = YES_AGGRESSIVE;
				CLANG_WARN_UNREACHABLE_CODE = YES;
				CLANG_WARN__DUPLICATE_METHOD_MATCH = YES;
				CODE_SIGN_IDENTITY = "iPhone Developer";
				COPY_PHASE_STRIP = NO;
				DEBUG_INFORMATION_FORMAT = dwarf;
				ENABLE_STRICT_OBJC_MSGSEND = YES;
				ENABLE_TESTABILITY = YES;
				GCC_C_LANGUAGE_STANDARD = gnu11;
				GCC_DYNAMIC_NO_PIC = NO;
				GCC_NO_COMMON_BLOCKS = YES;
				GCC_OPTIMIZATION_LEVEL = 0;
				GCC_PREPROCESSOR_DEFINITIONS = (
					"DEBUG=1",
					"$(inherited)",
				);
				GCC_WARN_64_TO_32_BIT_CONVERSION = YES;
				GCC_WARN_ABOUT_RETURN_TYPE = YES_ERROR;
				GCC_WARN_UNDECLARED_SELECTOR = YES;
				GCC_WARN_UNINITIALIZED_AUTOS = YES_AGGRESSIVE;
				GCC_WARN_UNUSED_FUNCTION = YES;
				GCC_WARN_UNUSED_VARIABLE = YES;
				IPHONEOS_DEPLOYMENT_TARGET = 12.1;
				MTL_ENABLE_DEBUG_INFO = INCLUDE_SOURCE;
				MTL_FAST_MATH = YES;
				ONLY_ACTIVE_ARCH = YES;
				SDKROOT = iphoneos;
				SWIFT_ACTIVE_COMPILATION_CONDITIONS = DEBUG;
				SWIFT_OPTIMIZATION_LEVEL = "-Onone";
			};
			name = Debug;
		};
		2BFA53472358386700F5E87E /* Release */ = {
			isa = XCBuildConfiguration;
			buildSettings = {
				ALWAYS_SEARCH_USER_PATHS = NO;
				CLANG_ANALYZER_NONNULL = YES;
				CLANG_ANALYZER_NUMBER_OBJECT_CONVERSION = YES_AGGRESSIVE;
				CLANG_CXX_LANGUAGE_STANDARD = "gnu++14";
				CLANG_CXX_LIBRARY = "libc++";
				CLANG_ENABLE_MODULES = YES;
				CLANG_ENABLE_OBJC_ARC = YES;
				CLANG_ENABLE_OBJC_WEAK = YES;
				CLANG_WARN_BLOCK_CAPTURE_AUTORELEASING = YES;
				CLANG_WARN_BOOL_CONVERSION = YES;
				CLANG_WARN_COMMA = YES;
				CLANG_WARN_CONSTANT_CONVERSION = YES;
				CLANG_WARN_DEPRECATED_OBJC_IMPLEMENTATIONS = YES;
				CLANG_WARN_DIRECT_OBJC_ISA_USAGE = YES_ERROR;
				CLANG_WARN_DOCUMENTATION_COMMENTS = YES;
				CLANG_WARN_EMPTY_BODY = YES;
				CLANG_WARN_ENUM_CONVERSION = YES;
				CLANG_WARN_INFINITE_RECURSION = YES;
				CLANG_WARN_INT_CONVERSION = YES;
				CLANG_WARN_NON_LITERAL_NULL_CONVERSION = YES;
				CLANG_WARN_OBJC_IMPLICIT_RETAIN_SELF = YES;
				CLANG_WARN_OBJC_LITERAL_CONVERSION = YES;
				CLANG_WARN_OBJC_ROOT_CLASS = YES_ERROR;
				CLANG_WARN_RANGE_LOOP_ANALYSIS = YES;
				CLANG_WARN_STRICT_PROTOTYPES = YES;
				CLANG_WARN_SUSPICIOUS_MOVE = YES;
				CLANG_WARN_UNGUARDED_AVAILABILITY = YES_AGGRESSIVE;
				CLANG_WARN_UNREACHABLE_CODE = YES;
				CLANG_WARN__DUPLICATE_METHOD_MATCH = YES;
				CODE_SIGN_IDENTITY = "iPhone Developer";
				COPY_PHASE_STRIP = NO;
				DEBUG_INFORMATION_FORMAT = "dwarf-with-dsym";
				ENABLE_NS_ASSERTIONS = NO;
				ENABLE_STRICT_OBJC_MSGSEND = YES;
				GCC_C_LANGUAGE_STANDARD = gnu11;
				GCC_NO_COMMON_BLOCKS = YES;
				GCC_WARN_64_TO_32_BIT_CONVERSION = YES;
				GCC_WARN_ABOUT_RETURN_TYPE = YES_ERROR;
				GCC_WARN_UNDECLARED_SELECTOR = YES;
				GCC_WARN_UNINITIALIZED_AUTOS = YES_AGGRESSIVE;
				GCC_WARN_UNUSED_FUNCTION = YES;
				GCC_WARN_UNUSED_VARIABLE = YES;
				IPHONEOS_DEPLOYMENT_TARGET = 12.1;
				MTL_ENABLE_DEBUG_INFO = NO;
				MTL_FAST_MATH = YES;
				SDKROOT = iphoneos;
				SWIFT_COMPILATION_MODE = wholemodule;
				SWIFT_OPTIMIZATION_LEVEL = "-O";
				VALIDATE_PRODUCT = YES;
			};
			name = Release;
		};
		2BFA53492358386700F5E87E /* Debug */ = {
			isa = XCBuildConfiguration;
			buildSettings = {
				ASSETCATALOG_COMPILER_APPICON_NAME = AppIcon;
				CODE_SIGN_STYLE = Automatic;
				INFOPLIST_FILE = collectionView/Info.plist;
				LD_RUNPATH_SEARCH_PATHS = (
					"$(inherited)",
					"@executable_path/Frameworks",
				);
				PRODUCT_BUNDLE_IDENTIFIER = com.TempestCode.collectionView;
				PRODUCT_NAME = "$(TARGET_NAME)";
				SWIFT_VERSION = 4.2;
				TARGETED_DEVICE_FAMILY = "1,2";
			};
			name = Debug;
		};
		2BFA534A2358386700F5E87E /* Release */ = {
			isa = XCBuildConfiguration;
			buildSettings = {
				ASSETCATALOG_COMPILER_APPICON_NAME = AppIcon;
				CODE_SIGN_STYLE = Automatic;
				INFOPLIST_FILE = collectionView/Info.plist;
				LD_RUNPATH_SEARCH_PATHS = (
					"$(inherited)",
					"@executable_path/Frameworks",
				);
				PRODUCT_BUNDLE_IDENTIFIER = com.TempestCode.collectionView;
				PRODUCT_NAME = "$(TARGET_NAME)";
				SWIFT_VERSION = 4.2;
				TARGETED_DEVICE_FAMILY = "1,2";
			};
			name = Release;
		};
/* End XCBuildConfiguration section */

/* Begin XCConfigurationList section */
		2BFA53312358385B00F5E87E /* Build configuration list for PBXProject "collectionView" */ = {
			isa = XCConfigurationList;
			buildConfigurations = (
				2BFA53462358386700F5E87E /* Debug */,
				2BFA53472358386700F5E87E /* Release */,
			);
			defaultConfigurationIsVisible = 0;
			defaultConfigurationName = Release;
		};
		2BFA53482358386700F5E87E /* Build configuration list for PBXNativeTarget "collectionView" */ = {
			isa = XCConfigurationList;
			buildConfigurations = (
				2BFA53492358386700F5E87E /* Debug */,
				2BFA534A2358386700F5E87E /* Release */,
			);
			defaultConfigurationIsVisible = 0;
			defaultConfigurationName = Release;
		};
/* End XCConfigurationList section */
	};
	rootObject = 2BFA532E2358385B00F5E87E /* Project object */;
}
